// !$*UTF8*$!
{
	archiveVersion = 1;
	classes = {
	};
	objectVersion = 77;
	objects = {

/* Begin PBXBuildFile section */
		EC2D2D3F2E4B8B5E0078EAFE /* FirebaseAI in Frameworks */ = {isa = PBXBuildFile; productRef = EC2D2D3E2E4B8B5E0078EAFE /* FirebaseAI */; };
		EC2D2D412E4B8B5E0078EAFE /* FirebaseAnalytics in Frameworks */ = {isa = PBXBuildFile; productRef = EC2D2D402E4B8B5E0078EAFE /* FirebaseAnalytics */; };
		EC2D2D432E4B8B5E0078EAFE /* FirebaseAnalyticsIdentitySupport in Frameworks */ = {isa = PBXBuildFile; productRef = EC2D2D422E4B8B5E0078EAFE /* FirebaseAnalyticsIdentitySupport */; };
		EC2D2D5D2E4B8E7E0078EAFE /* FirebaseDatabase in Frameworks */ = {isa = PBXBuildFile; productRef = EC2D2D5C2E4B8E7E0078EAFE /* FirebaseDatabase */; };
		EC2D2D742E4B93210078EAFE /* FirebaseFirestore in Frameworks */ = {isa = PBXBuildFile; productRef = EC2D2D732E4B93210078EAFE /* FirebaseFirestore */; };
		EC2D2D7A2E4B9ED90078EAFE /* FirebaseAuth in Frameworks */ = {isa = PBXBuildFile; productRef = EC2D2D792E4B9ED90078EAFE /* FirebaseAuth */; };
		EC2D2D872E4BA0DE0078EAFE /* GoogleSignIn in Frameworks */ = {isa = PBXBuildFile; productRef = EC2D2D862E4BA0DE0078EAFE /* GoogleSignIn */; };
		EC2D2D892E4BA0DE0078EAFE /* GoogleSignInSwift in Frameworks */ = {isa = PBXBuildFile; productRef = EC2D2D882E4BA0DE0078EAFE /* GoogleSignInSwift */; };
		EC3FF9072E4C91F1003F8344 /* FirebaseStorage in Frameworks */ = {isa = PBXBuildFile; productRef = EC3FF9062E4C91F1003F8344 /* FirebaseStorage */; };
/* End PBXBuildFile section */

/* Begin PBXFileReference section */
		EC2D2D282E4B88600078EAFE /* ChatChat.app */ = {isa = PBXFileReference; explicitFileType = wrapper.application; includeInIndex = 0; path = ChatChat.app; sourceTree = BUILT_PRODUCTS_DIR; };
/* End PBXFileReference section */

/* Begin PBXFileSystemSynchronizedBuildFileExceptionSet section */
		EC2D2D8D2E4BA5990078EAFE /* Exceptions for "ChatChat" folder in "ChatChat" target */ = {
			isa = PBXFileSystemSynchronizedBuildFileExceptionSet;
			membershipExceptions = (
				Info.plist,
			);
			target = EC2D2D272E4B88600078EAFE /* ChatChat */;
		};
/* End PBXFileSystemSynchronizedBuildFileExceptionSet section */

/* Begin PBXFileSystemSynchronizedRootGroup section */
		EC2D2D2A2E4B88600078EAFE /* ChatChat */ = {
			isa = PBXFileSystemSynchronizedRootGroup;
			exceptions = (
				EC2D2D8D2E4BA5990078EAFE /* Exceptions for "ChatChat" folder in "ChatChat" target */,
			);
			path = ChatChat;
			sourceTree = "<group>";
		};
/* End PBXFileSystemSynchronizedRootGroup section */

/* Begin PBXFrameworksBuildPhase section */
		EC2D2D252E4B88600078EAFE /* Frameworks */ = {
			isa = PBXFrameworksBuildPhase;
			buildActionMask = 2147483647;
			files = (
				EC2D2D5D2E4B8E7E0078EAFE /* FirebaseDatabase in Frameworks */,
				EC2D2D7A2E4B9ED90078EAFE /* FirebaseAuth in Frameworks */,
				EC3FF9072E4C91F1003F8344 /* FirebaseStorage in Frameworks */,
				EC2D2D412E4B8B5E0078EAFE /* FirebaseAnalytics in Frameworks */,
				EC2D2D892E4BA0DE0078EAFE /* GoogleSignInSwift in Frameworks */,
				EC2D2D3F2E4B8B5E0078EAFE /* FirebaseAI in Frameworks */,
				EC2D2D742E4B93210078EAFE /* FirebaseFirestore in Frameworks */,
				EC2D2D432E4B8B5E0078EAFE /* FirebaseAnalyticsIdentitySupport in Frameworks */,
				EC2D2D872E4BA0DE0078EAFE /* GoogleSignIn in Frameworks */,
			);
			runOnlyForDeploymentPostprocessing = 0;
		};
/* End PBXFrameworksBuildPhase section */

/* Begin PBXGroup section */
		EC2D2D1F2E4B88600078EAFE = {
			isa = PBXGroup;
			children = (
				EC2D2D2A2E4B88600078EAFE /* ChatChat */,
				EC2D2D592E4B8E5B0078EAFE /* Frameworks */,
				EC2D2D292E4B88600078EAFE /* Products */,
			);
			sourceTree = "<group>";
		};
		EC2D2D292E4B88600078EAFE /* Products */ = {
			isa = PBXGroup;
			children = (
				EC2D2D282E4B88600078EAFE /* ChatChat.app */,
			);
			name = Products;
			sourceTree = "<group>";
		};
		EC2D2D592E4B8E5B0078EAFE /* Frameworks */ = {
			isa = PBXGroup;
			children = (
			);
			name = Frameworks;
			sourceTree = "<group>";
		};
/* End PBXGroup section */

/* Begin PBXNativeTarget section */
		EC2D2D272E4B88600078EAFE /* ChatChat */ = {
			isa = PBXNativeTarget;
			buildConfigurationList = EC2D2D382E4B88620078EAFE /* Build configuration list for PBXNativeTarget "ChatChat" */;
			buildPhases = (
				EC2D2D242E4B88600078EAFE /* Sources */,
				EC2D2D252E4B88600078EAFE /* Frameworks */,
				EC2D2D262E4B88600078EAFE /* Resources */,
			);
			buildRules = (
			);
			dependencies = (
			);
			fileSystemSynchronizedGroups = (
				EC2D2D2A2E4B88600078EAFE /* ChatChat */,
			);
			name = ChatChat;
			packageProductDependencies = (
				EC2D2D3E2E4B8B5E0078EAFE /* FirebaseAI */,
				EC2D2D402E4B8B5E0078EAFE /* FirebaseAnalytics */,
				EC2D2D422E4B8B5E0078EAFE /* FirebaseAnalyticsIdentitySupport */,
				EC2D2D5C2E4B8E7E0078EAFE /* FirebaseDatabase */,
				EC2D2D732E4B93210078EAFE /* FirebaseFirestore */,
				EC2D2D792E4B9ED90078EAFE /* FirebaseAuth */,
				EC2D2D862E4BA0DE0078EAFE /* GoogleSignIn */,
				EC2D2D882E4BA0DE0078EAFE /* GoogleSignInSwift */,
				EC3FF9062E4C91F1003F8344 /* FirebaseStorage */,
			);
			productName = ChatChat;
			productReference = EC2D2D282E4B88600078EAFE /* ChatChat.app */;
			productType = "com.apple.product-type.application";
		};
/* End PBXNativeTarget section */

/* Begin PBXProject section */
		EC2D2D202E4B88600078EAFE /* Project object */ = {
			isa = PBXProject;
			attributes = {
				BuildIndependentTargetsInParallel = 1;
				LastSwiftUpdateCheck = 1640;
				LastUpgradeCheck = 1640;
				TargetAttributes = {
					EC2D2D272E4B88600078EAFE = {
						CreatedOnToolsVersion = 16.4;
					};
				};
			};
			buildConfigurationList = EC2D2D232E4B88600078EAFE /* Build configuration list for PBXProject "ChatChat" */;
			developmentRegion = en;
			hasScannedForEncodings = 0;
			knownRegions = (
				en,
				Base,
			);
			mainGroup = EC2D2D1F2E4B88600078EAFE;
			minimizedProjectReferenceProxies = 1;
			packageReferences = (
				EC2D2D3D2E4B8B5E0078EAFE /* XCRemoteSwiftPackageReference "firebase-ios-sdk" */,
				EC2D2D852E4BA0DE0078EAFE /* XCRemoteSwiftPackageReference "GoogleSignIn-iOS" */,
			);
			preferredProjectObjectVersion = 77;
			productRefGroup = EC2D2D292E4B88600078EAFE /* Products */;
			projectDirPath = "";
			projectRoot = "";
			targets = (
				EC2D2D272E4B88600078EAFE /* ChatChat */,
			);
		};
/* End PBXProject section */

/* Begin PBXResourcesBuildPhase section */
		EC2D2D262E4B88600078EAFE /* Resources */ = {
			isa = PBXResourcesBuildPhase;
			buildActionMask = 2147483647;
			files = (
			);
			runOnlyForDeploymentPostprocessing = 0;
		};
/* End PBXResourcesBuildPhase section */

/* Begin PBXSourcesBuildPhase section */
		EC2D2D242E4B88600078EAFE /* Sources */ = {
			isa = PBXSourcesBuildPhase;
			buildActionMask = 2147483647;
			files = (
			);
			runOnlyForDeploymentPostprocessing = 0;
		};
/* End PBXSourcesBuildPhase section */

/* Begin XCBuildConfiguration section */
		EC2D2D362E4B88620078EAFE /* Debug */ = {
			isa = XCBuildConfiguration;
			buildSettings = {
				ALWAYS_SEARCH_USER_PATHS = NO;
				ASSETCATALOG_COMPILER_GENERATE_SWIFT_ASSET_SYMBOL_EXTENSIONS = YES;
				CLANG_ANALYZER_NONNULL = YES;
				CLANG_ANALYZER_NUMBER_OBJECT_CONVERSION = YES_AGGRESSIVE;
				CLANG_CXX_LANGUAGE_STANDARD = "gnu++20";
				CLANG_ENABLE_MODULES = YES;
				CLANG_ENABLE_OBJC_ARC = YES;
				CLANG_ENABLE_OBJC_WEAK = YES;
				CLANG_WARN_BLOCK_CAPTURE_AUTORELEASING = YES;
				CLANG_WARN_BOOL_CONVERSION = YES;
				CLANG_WARN_COMMA = YES;
				CLANG_WARN_CONSTANT_CONVERSION = YES;
				CLANG_WARN_DEPRECATED_OBJC_IMPLEMENTATIONS = YES;
				CLANG_WARN_DIRECT_OBJC_ISA_USAGE = YES_ERROR;
				CLANG_WARN_DOCUMENTATION_COMMENTS = YES;
				CLANG_WARN_EMPTY_BODY = YES;
				CLANG_WARN_ENUM_CONVERSION = YES;
				CLANG_WARN_INFINITE_RECURSION = YES;
				CLANG_WARN_INT_CONVERSION = YES;
				CLANG_WARN_NON_LITERAL_NULL_CONVERSION = YES;
				CLANG_WARN_OBJC_IMPLICIT_RETAIN_SELF = YES;
				CLANG_WARN_OBJC_LITERAL_CONVERSION = YES;
				CLANG_WARN_OBJC_ROOT_CLASS = YES_ERROR;
				CLANG_WARN_QUOTED_INCLUDE_IN_FRAMEWORK_HEADER = YES;
				CLANG_WARN_RANGE_LOOP_ANALYSIS = YES;
				CLANG_WARN_STRICT_PROTOTYPES = YES;
				CLANG_WARN_SUSPICIOUS_MOVE = YES;
				CLANG_WARN_UNGUARDED_AVAILABILITY = YES_AGGRESSIVE;
				CLANG_WARN_UNREACHABLE_CODE = YES;
				CLANG_WARN__DUPLICATE_METHOD_MATCH = YES;
				COPY_PHASE_STRIP = NO;
				DEBUG_INFORMATION_FORMAT = dwarf;
				ENABLE_STRICT_OBJC_MSGSEND = YES;
				ENABLE_TESTABILITY = YES;
				ENABLE_USER_SCRIPT_SANDBOXING = YES;
				GCC_C_LANGUAGE_STANDARD = gnu17;
				GCC_DYNAMIC_NO_PIC = NO;
				GCC_NO_COMMON_BLOCKS = YES;
				GCC_OPTIMIZATION_LEVEL = 0;
				GCC_PREPROCESSOR_DEFINITIONS = (
					"DEBUG=1",
					"$(inherited)",
				);
				GCC_WARN_64_TO_32_BIT_CONVERSION = YES;
				GCC_WARN_ABOUT_RETURN_TYPE = YES_ERROR;
				GCC_WARN_UNDECLARED_SELECTOR = YES;
				GCC_WARN_UNINITIALIZED_AUTOS = YES_AGGRESSIVE;
				GCC_WARN_UNUSED_FUNCTION = YES;
				GCC_WARN_UNUSED_VARIABLE = YES;
				IPHONEOS_DEPLOYMENT_TARGET = 18.5;
				LOCALIZATION_PREFERS_STRING_CATALOGS = YES;
				MTL_ENABLE_DEBUG_INFO = INCLUDE_SOURCE;
				MTL_FAST_MATH = YES;
				ONLY_ACTIVE_ARCH = YES;
				SDKROOT = iphoneos;
				SWIFT_ACTIVE_COMPILATION_CONDITIONS = "DEBUG $(inherited)";
				SWIFT_OPTIMIZATION_LEVEL = "-Onone";
			};
			name = Debug;
		};
		EC2D2D372E4B88620078EAFE /* Release */ = {
			isa = XCBuildConfiguration;
			buildSettings = {
				ALWAYS_SEARCH_USER_PATHS = NO;
				ASSETCATALOG_COMPILER_GENERATE_SWIFT_ASSET_SYMBOL_EXTENSIONS = YES;
				CLANG_ANALYZER_NONNULL = YES;
				CLANG_ANALYZER_NUMBER_OBJECT_CONVERSION = YES_AGGRESSIVE;
				CLANG_CXX_LANGUAGE_STANDARD = "gnu++20";
				CLANG_ENABLE_MODULES = YES;
				CLANG_ENABLE_OBJC_ARC = YES;
				CLANG_ENABLE_OBJC_WEAK = YES;
				CLANG_WARN_BLOCK_CAPTURE_AUTORELEASING = YES;
				CLANG_WARN_BOOL_CONVERSION = YES;
				CLANG_WARN_COMMA = YES;
				CLANG_WARN_CONSTANT_CONVERSION = YES;
				CLANG_WARN_DEPRECATED_OBJC_IMPLEMENTATIONS = YES;
				CLANG_WARN_DIRECT_OBJC_ISA_USAGE = YES_ERROR;
				CLANG_WARN_DOCUMENTATION_COMMENTS = YES;
				CLANG_WARN_EMPTY_BODY = YES;
				CLANG_WARN_ENUM_CONVERSION = YES;
				CLANG_WARN_INFINITE_RECURSION = YES;
				CLANG_WARN_INT_CONVERSION = YES;
				CLANG_WARN_NON_LITERAL_NULL_CONVERSION = YES;
				CLANG_WARN_OBJC_IMPLICIT_RETAIN_SELF = YES;
				CLANG_WARN_OBJC_LITERAL_CONVERSION = YES;
				CLANG_WARN_OBJC_ROOT_CLASS = YES_ERROR;
				CLANG_WARN_QUOTED_INCLUDE_IN_FRAMEWORK_HEADER = YES;
				CLANG_WARN_RANGE_LOOP_ANALYSIS = YES;
				CLANG_WARN_STRICT_PROTOTYPES = YES;
				CLANG_WARN_SUSPICIOUS_MOVE = YES;
				CLANG_WARN_UNGUARDED_AVAILABILITY = YES_AGGRESSIVE;
				CLANG_WARN_UNREACHABLE_CODE = YES;
				CLANG_WARN__DUPLICATE_METHOD_MATCH = YES;
				COPY_PHASE_STRIP = NO;
				DEBUG_INFORMATION_FORMAT = "dwarf-with-dsym";
				ENABLE_NS_ASSERTIONS = NO;
				ENABLE_STRICT_OBJC_MSGSEND = YES;
				ENABLE_USER_SCRIPT_SANDBOXING = YES;
				GCC_C_LANGUAGE_STANDARD = gnu17;
				GCC_NO_COMMON_BLOCKS = YES;
				GCC_WARN_64_TO_32_BIT_CONVERSION = YES;
				GCC_WARN_ABOUT_RETURN_TYPE = YES_ERROR;
				GCC_WARN_UNDECLARED_SELECTOR = YES;
				GCC_WARN_UNINITIALIZED_AUTOS = YES_AGGRESSIVE;
				GCC_WARN_UNUSED_FUNCTION = YES;
				GCC_WARN_UNUSED_VARIABLE = YES;
				IPHONEOS_DEPLOYMENT_TARGET = 18.5;
				LOCALIZATION_PREFERS_STRING_CATALOGS = YES;
				MTL_ENABLE_DEBUG_INFO = NO;
				MTL_FAST_MATH = YES;
				SDKROOT = iphoneos;
				SWIFT_COMPILATION_MODE = wholemodule;
				VALIDATE_PRODUCT = YES;
			};
			name = Release;
		};
		EC2D2D392E4B88620078EAFE /* Debug */ = {
			isa = XCBuildConfiguration;
			buildSettings = {
				ASSETCATALOG_COMPILER_APPICON_NAME = AppIcon;
				ASSETCATALOG_COMPILER_GLOBAL_ACCENT_COLOR_NAME = AccentColor;
				CODE_SIGN_STYLE = Automatic;
				CURRENT_PROJECT_VERSION = 1;
				DEVELOPMENT_TEAM = 7T7CNH888H;
				ENABLE_PREVIEWS = YES;
				GENERATE_INFOPLIST_FILE = YES;
				INFOPLIST_FILE = ChatChat/Info.plist;
				INFOPLIST_KEY_CFBundleDisplayName = "Chat Application";
				INFOPLIST_KEY_NSFaceIDUsageDescription = "We use Face ID to secure your chat messages.";
				INFOPLIST_KEY_UIApplicationSceneManifest_Generation = YES;
				INFOPLIST_KEY_UIApplicationSupportsIndirectInputEvents = YES;
				INFOPLIST_KEY_UILaunchScreen_Generation = YES;
				INFOPLIST_KEY_UISupportedInterfaceOrientations_iPad = "UIInterfaceOrientationPortrait UIInterfaceOrientationPortraitUpsideDown UIInterfaceOrientationLandscapeLeft UIInterfaceOrientationLandscapeRight";
				INFOPLIST_KEY_UISupportedInterfaceOrientations_iPhone = "UIInterfaceOrientationPortrait UIInterfaceOrientationLandscapeLeft UIInterfaceOrientationLandscapeRight";
				LD_RUNPATH_SEARCH_PATHS = (
					"$(inherited)",
					"@executable_path/Frameworks",
				);
				MARKETING_VERSION = 1.0;
				PRODUCT_BUNDLE_IDENTIFIER = com.abhisek.chatapplication;
				PRODUCT_NAME = "$(TARGET_NAME)";
				SWIFT_EMIT_LOC_STRINGS = YES;
				SWIFT_VERSION = 5.0;
				TARGETED_DEVICE_FAMILY = "1,2";
			};
			name = Debug;
		};
		EC2D2D3A2E4B88620078EAFE /* Release */ = {
			isa = XCBuildConfiguration;
			buildSettings = {
				ASSETCATALOG_COMPILER_APPICON_NAME = AppIcon;
				ASSETCATALOG_COMPILER_GLOBAL_ACCENT_COLOR_NAME = AccentColor;
				CODE_SIGN_STYLE = Automatic;
				CURRENT_PROJECT_VERSION = 1;
				DEVELOPMENT_TEAM = 7T7CNH888H;
				ENABLE_PREVIEWS = YES;
				GENERATE_INFOPLIST_FILE = YES;
				INFOPLIST_FILE = ChatChat/Info.plist;
				INFOPLIST_KEY_CFBundleDisplayName = "Chat Application";
				INFOPLIST_KEY_NSFaceIDUsageDescription = "We use Face ID to secure your chat messages.";
				INFOPLIST_KEY_UIApplicationSceneManifest_Generation = YES;
				INFOPLIST_KEY_UIApplicationSupportsIndirectInputEvents = YES;
				INFOPLIST_KEY_UILaunchScreen_Generation = YES;
				INFOPLIST_KEY_UISupportedInterfaceOrientations_iPad = "UIInterfaceOrientationPortrait UIInterfaceOrientationPortraitUpsideDown UIInterfaceOrientationLandscapeLeft UIInterfaceOrientationLandscapeRight";
				INFOPLIST_KEY_UISupportedInterfaceOrientations_iPhone = "UIInterfaceOrientationPortrait UIInterfaceOrientationLandscapeLeft UIInterfaceOrientationLandscapeRight";
				LD_RUNPATH_SEARCH_PATHS = (
					"$(inherited)",
					"@executable_path/Frameworks",
				);
				MARKETING_VERSION = 1.0;
				PRODUCT_BUNDLE_IDENTIFIER = com.abhisek.chatapplication;
				PRODUCT_NAME = "$(TARGET_NAME)";
				SWIFT_EMIT_LOC_STRINGS = YES;
				SWIFT_VERSION = 5.0;
				TARGETED_DEVICE_FAMILY = "1,2";
			};
			name = Release;
		};
/* End XCBuildConfiguration section */

/* Begin XCConfigurationList section */
		EC2D2D232E4B88600078EAFE /* Build configuration list for PBXProject "ChatChat" */ = {
			isa = XCConfigurationList;
			buildConfigurations = (
				EC2D2D362E4B88620078EAFE /* Debug */,
				EC2D2D372E4B88620078EAFE /* Release */,
			);
			defaultConfigurationIsVisible = 0;
			defaultConfigurationName = Release;
		};
		EC2D2D382E4B88620078EAFE /* Build configuration list for PBXNativeTarget "ChatChat" */ = {
			isa = XCConfigurationList;
			buildConfigurations = (
				EC2D2D392E4B88620078EAFE /* Debug */,
				EC2D2D3A2E4B88620078EAFE /* Release */,
			);
			defaultConfigurationIsVisible = 0;
			defaultConfigurationName = Release;
		};
/* End XCConfigurationList section */

/* Begin XCRemoteSwiftPackageReference section */
		EC2D2D3D2E4B8B5E0078EAFE /* XCRemoteSwiftPackageReference "firebase-ios-sdk" */ = {
			isa = XCRemoteSwiftPackageReference;
			repositoryURL = "https://github.com/firebase/firebase-ios-sdk";
			requirement = {
				kind = upToNextMajorVersion;
				minimumVersion = 12.1.0;
			};
		};
		EC2D2D852E4BA0DE0078EAFE /* XCRemoteSwiftPackageReference "GoogleSignIn-iOS" */ = {
			isa = XCRemoteSwiftPackageReference;
			repositoryURL = "https://github.com/google/GoogleSignIn-iOS";
			requirement = {
				kind = upToNextMajorVersion;
				minimumVersion = 9.0.0;
			};
		};
/* End XCRemoteSwiftPackageReference section */

/* Begin XCSwiftPackageProductDependency section */
		EC2D2D3E2E4B8B5E0078EAFE /* FirebaseAI */ = {
			isa = XCSwiftPackageProductDependency;
			package = EC2D2D3D2E4B8B5E0078EAFE /* XCRemoteSwiftPackageReference "firebase-ios-sdk" */;
			productName = FirebaseAI;
		};
		EC2D2D402E4B8B5E0078EAFE /* FirebaseAnalytics */ = {
			isa = XCSwiftPackageProductDependency;
			package = EC2D2D3D2E4B8B5E0078EAFE /* XCRemoteSwiftPackageReference "firebase-ios-sdk" */;
			productName = FirebaseAnalytics;
		};
		EC2D2D422E4B8B5E0078EAFE /* FirebaseAnalyticsIdentitySupport */ = {
			isa = XCSwiftPackageProductDependency;
			package = EC2D2D3D2E4B8B5E0078EAFE /* XCRemoteSwiftPackageReference "firebase-ios-sdk" */;
			productName = FirebaseAnalyticsIdentitySupport;
		};
		EC2D2D5C2E4B8E7E0078EAFE /* FirebaseDatabase */ = {
			isa = XCSwiftPackageProductDependency;
			package = EC2D2D3D2E4B8B5E0078EAFE /* XCRemoteSwiftPackageReference "firebase-ios-sdk" */;
			productName = FirebaseDatabase;
		};
		EC2D2D732E4B93210078EAFE /* FirebaseFirestore */ = {
			isa = XCSwiftPackageProductDependency;
			package = EC2D2D3D2E4B8B5E0078EAFE /* XCRemoteSwiftPackageReference "firebase-ios-sdk" */;
			productName = FirebaseFirestore;
		};
		EC2D2D792E4B9ED90078EAFE /* FirebaseAuth */ = {
			isa = XCSwiftPackageProductDependency;
			package = EC2D2D3D2E4B8B5E0078EAFE /* XCRemoteSwiftPackageReference "firebase-ios-sdk" */;
			productName = FirebaseAuth;
		};
		EC2D2D862E4BA0DE0078EAFE /* GoogleSignIn */ = {
			isa = XCSwiftPackageProductDependency;
			package = EC2D2D852E4BA0DE0078EAFE /* XCRemoteSwiftPackageReference "GoogleSignIn-iOS" */;
			productName = GoogleSignIn;
		};
		EC2D2D882E4BA0DE0078EAFE /* GoogleSignInSwift */ = {
			isa = XCSwiftPackageProductDependency;
			package = EC2D2D852E4BA0DE0078EAFE /* XCRemoteSwiftPackageReference "GoogleSignIn-iOS" */;
			productName = GoogleSignInSwift;
		};
		EC3FF9062E4C91F1003F8344 /* FirebaseStorage */ = {
			isa = XCSwiftPackageProductDependency;
			package = EC2D2D3D2E4B8B5E0078EAFE /* XCRemoteSwiftPackageReference "firebase-ios-sdk" */;
			productName = FirebaseStorage;
		};
/* End XCSwiftPackageProductDependency section */
	};
	rootObject = EC2D2D202E4B88600078EAFE /* Project object */;
}
